
Microsoft Visual Studio Solution File, Format Version 12.00
Project("{FAE04EC0-301F-11D3-BF4B-00C04F79EFBC}") = "CargoInventory.API", "CargoInventory.API\CargoInventory.API.csproj", "{1F1B5CC0-CF4E-4A5C-9009-1C1CF950CEAE}"
EndProject
Project("{FAE04EC0-301F-11D3-BF4B-00C04F79EFBC}") = "CargoInventory.Infrastructure", "CargoInventory.Infrastructure\CargoInventory.Infrastructure.csproj", "{F6156824-387D-4B2A-A3A3-AE9F8E7C6260}"
EndProject
Project("{FAE04EC0-301F-11D3-BF4B-00C04F79EFBC}") = "CargoInventory.Application", "CargoInventory.Application\CargoInventory.Application.csproj", "{BD288895-740A-4C82-9858-4F3663B47A06}"
EndProject
Project("{FAE04EC0-301F-11D3-BF4B-00C04F79EFBC}") = "CargoInventory.Domain", "CargoInventory.Domain\CargoInventory.Domain.csproj", "{9E061E67-BA20-4D4C-ACC2-7D9BB849340C}"
EndProject
Global
	GlobalSection(SolutionConfigurationPlatforms) = preSolution
		Debug|Any CPU = Debug|Any CPU
		Release|Any CPU = Release|Any CPU
	EndGlobalSection
	GlobalSection(ProjectConfigurationPlatforms) = postSolution
		{1F1B5CC0-CF4E-4A5C-9009-1C1CF950CEAE}.Debug|Any CPU.ActiveCfg = Debug|Any CPU
		{1F1B5CC0-CF4E-4A5C-9009-1C1CF950CEAE}.Debug|Any CPU.Build.0 = Debug|Any CPU
		{1F1B5CC0-CF4E-4A5C-9009-1C1CF950CEAE}.Release|Any CPU.ActiveCfg = Release|Any CPU
		{1F1B5CC0-CF4E-4A5C-9009-1C1CF950CEAE}.Release|Any CPU.Build.0 = Release|Any CPU
		{F6156824-387D-4B2A-A3A3-AE9F8E7C6260}.Debug|Any CPU.ActiveCfg = Debug|Any CPU
		{F6156824-387D-4B2A-A3A3-AE9F8E7C6260}.Debug|Any CPU.Build.0 = Debug|Any CPU
		{F6156824-387D-4B2A-A3A3-AE9F8E7C6260}.Release|Any CPU.ActiveCfg = Release|Any CPU
		{F6156824-387D-4B2A-A3A3-AE9F8E7C6260}.Release|Any CPU.Build.0 = Release|Any CPU
		{BD288895-740A-4C82-9858-4F3663B47A06}.Debug|Any CPU.ActiveCfg = Debug|Any CPU
		{BD288895-740A-4C82-9858-4F3663B47A06}.Debug|Any CPU.Build.0 = Debug|Any CPU
		{BD288895-740A-4C82-9858-4F3663B47A06}.Release|Any CPU.ActiveCfg = Release|Any CPU
		{BD288895-740A-4C82-9858-4F3663B47A06}.Release|Any CPU.Build.0 = Release|Any CPU
		{9E061E67-BA20-4D4C-ACC2-7D9BB849340C}.Debug|Any CPU.ActiveCfg = Debug|Any CPU
		{9E061E67-BA20-4D4C-ACC2-7D9BB849340C}.Debug|Any CPU.Build.0 = Debug|Any CPU
		{9E061E67-BA20-4D4C-ACC2-7D9BB849340C}.Release|Any CPU.ActiveCfg = Release|Any CPU
		{9E061E67-BA20-4D4C-ACC2-7D9BB849340C}.Release|Any CPU.Build.0 = Release|Any CPU
	EndGlobalSection
EndGlobal
